// !$*UTF8*$!
{
	archiveVersion = 1;
	classes = {
	};
	objectVersion = 46;
	objects = {

/* Begin PBXBuildFile section */
		D7CA65401E32B725008E2005 /* UIKit.framework in Frameworks */ = {isa = PBXBuildFile; fileRef = D7CA653F1E32B725008E2005 /* UIKit.framework */; };
		D7CA65421E32B72E008E2005 /* SystemConfiguration.framework in Frameworks */ = {isa = PBXBuildFile; fileRef = D7CA65411E32B72E008E2005 /* SystemConfiguration.framework */; };
		D7CA65441E32B734008E2005 /* MobileCoreServices.framework in Frameworks */ = {isa = PBXBuildFile; fileRef = D7CA65431E32B734008E2005 /* MobileCoreServices.framework */; };
		D7CA65461E32B73E008E2005 /* Foundation.framework in Frameworks */ = {isa = PBXBuildFile; fileRef = D7CA65451E32B73E008E2005 /* Foundation.framework */; };
		D7CA65481E32B745008E2005 /* CoreGraphics.framework in Frameworks */ = {isa = PBXBuildFile; fileRef = D7CA65471E32B745008E2005 /* CoreGraphics.framework */; };
		D7CA654A1E32B74A008E2005 /* CFNetwork.framework in Frameworks */ = {isa = PBXBuildFile; fileRef = D7CA65491E32B74A008E2005 /* CFNetwork.framework */; };
		D7CA654C1E32B74F008E2005 /* Security.framework in Frameworks */ = {isa = PBXBuildFile; fileRef = D7CA654B1E32B74F008E2005 /* Security.framework */; };
		D7CA654E1E32B758008E2005 /* libicucore.tbd in Frameworks */ = {isa = PBXBuildFile; fileRef = D7CA654D1E32B758008E2005 /* libicucore.tbd */; };
		D7CA65501E32B7AC008E2005 /* AsyncSocket.swift in Sources */ = {isa = PBXBuildFile; fileRef = D7CA654F1E32B7AC008E2005 /* AsyncSocket.swift */; };
		D7FDDCEF1E32741A001ABD41 /* AppDelegate.swift in Sources */ = {isa = PBXBuildFile; fileRef = D7FDDCEE1E32741A001ABD41 /* AppDelegate.swift */; };
		D7FDDCF11E32741A001ABD41 /* ViewController.swift in Sources */ = {isa = PBXBuildFile; fileRef = D7FDDCF01E32741A001ABD41 /* ViewController.swift */; };
		D7FDDCF41E32741A001ABD41 /* Main.storyboard in Resources */ = {isa = PBXBuildFile; fileRef = D7FDDCF21E32741A001ABD41 /* Main.storyboard */; };
		D7FDDCF61E32741A001ABD41 /* Assets.xcassets in Resources */ = {isa = PBXBuildFile; fileRef = D7FDDCF51E32741A001ABD41 /* Assets.xcassets */; };
		D7FDDCF91E32741A001ABD41 /* LaunchScreen.storyboard in Resources */ = {isa = PBXBuildFile; fileRef = D7FDDCF71E32741A001ABD41 /* LaunchScreen.storyboard */; };
		D7FDDD021E329A34001ABD41 /* MediaPlayer.framework in Frameworks */ = {isa = PBXBuildFile; fileRef = D7FDDD011E329A34001ABD41 /* MediaPlayer.framework */; };
		D7FDDD191E32B550001ABD41 /* SocketIO.m in Sources */ = {isa = PBXBuildFile; fileRef = D7FDDD071E32B550001ABD41 /* SocketIO.m */; };
		D7FDDD1A1E32B550001ABD41 /* SocketIOJSONSerialization.m in Sources */ = {isa = PBXBuildFile; fileRef = D7FDDD091E32B550001ABD41 /* SocketIOJSONSerialization.m */; };
		D7FDDD1B1E32B550001ABD41 /* SocketIOPacket.m in Sources */ = {isa = PBXBuildFile; fileRef = D7FDDD0B1E32B550001ABD41 /* SocketIOPacket.m */; };
		D7FDDD1C1E32B550001ABD41 /* SocketIOTransportWebsocket.m in Sources */ = {isa = PBXBuildFile; fileRef = D7FDDD0E1E32B550001ABD41 /* SocketIOTransportWebsocket.m */; };
		D7FDDD1D1E32B550001ABD41 /* SocketIOTransportXHR.m in Sources */ = {isa = PBXBuildFile; fileRef = D7FDDD101E32B550001ABD41 /* SocketIOTransportXHR.m */; };
		D7FDDD1E1E32B550001ABD41 /* base64.c in Sources */ = {isa = PBXBuildFile; fileRef = D7FDDD121E32B550001ABD41 /* base64.c */; };
		D7FDDD1F1E32B550001ABD41 /* NSData+SRB64Additions.m in Sources */ = {isa = PBXBuildFile; fileRef = D7FDDD151E32B550001ABD41 /* NSData+SRB64Additions.m */; };
		D7FDDD201E32B550001ABD41 /* SRWebSocket.m in Sources */ = {isa = PBXBuildFile; fileRef = D7FDDD181E32B550001ABD41 /* SRWebSocket.m */; };
/* End PBXBuildFile section */

/* Begin PBXFileReference section */
		D7CA653F1E32B725008E2005 /* UIKit.framework */ = {isa = PBXFileReference; lastKnownFileType = wrapper.framework; name = UIKit.framework; path = System/Library/Frameworks/UIKit.framework; sourceTree = SDKROOT; };
		D7CA65411E32B72E008E2005 /* SystemConfiguration.framework */ = {isa = PBXFileReference; lastKnownFileType = wrapper.framework; name = SystemConfiguration.framework; path = System/Library/Frameworks/SystemConfiguration.framework; sourceTree = SDKROOT; };
		D7CA65431E32B734008E2005 /* MobileCoreServices.framework */ = {isa = PBXFileReference; lastKnownFileType = wrapper.framework; name = MobileCoreServices.framework; path = System/Library/Frameworks/MobileCoreServices.framework; sourceTree = SDKROOT; };
		D7CA65451E32B73E008E2005 /* Foundation.framework */ = {isa = PBXFileReference; lastKnownFileType = wrapper.framework; name = Foundation.framework; path = System/Library/Frameworks/Foundation.framework; sourceTree = SDKROOT; };
		D7CA65471E32B745008E2005 /* CoreGraphics.framework */ = {isa = PBXFileReference; lastKnownFileType = wrapper.framework; name = CoreGraphics.framework; path = System/Library/Frameworks/CoreGraphics.framework; sourceTree = SDKROOT; };
		D7CA65491E32B74A008E2005 /* CFNetwork.framework */ = {isa = PBXFileReference; lastKnownFileType = wrapper.framework; name = CFNetwork.framework; path = System/Library/Frameworks/CFNetwork.framework; sourceTree = SDKROOT; };
		D7CA654B1E32B74F008E2005 /* Security.framework */ = {isa = PBXFileReference; lastKnownFileType = wrapper.framework; name = Security.framework; path = System/Library/Frameworks/Security.framework; sourceTree = SDKROOT; };
		D7CA654D1E32B758008E2005 /* libicucore.tbd */ = {isa = PBXFileReference; lastKnownFileType = "sourcecode.text-based-dylib-definition"; name = libicucore.tbd; path = usr/lib/libicucore.tbd; sourceTree = SDKROOT; };
		D7CA654F1E32B7AC008E2005 /* AsyncSocket.swift */ = {isa = PBXFileReference; fileEncoding = 4; lastKnownFileType = sourcecode.swift; path = AsyncSocket.swift; sourceTree = "<group>"; };
		D7FDDCEB1E32741A001ABD41 /* socketio_client.app */ = {isa = PBXFileReference; explicitFileType = wrapper.application; includeInIndex = 0; path = socketio_client.app; sourceTree = BUILT_PRODUCTS_DIR; };
		D7FDDCEE1E32741A001ABD41 /* AppDelegate.swift */ = {isa = PBXFileReference; lastKnownFileType = sourcecode.swift; path = AppDelegate.swift; sourceTree = "<group>"; };
		D7FDDCF01E32741A001ABD41 /* ViewController.swift */ = {isa = PBXFileReference; lastKnownFileType = sourcecode.swift; path = ViewController.swift; sourceTree = "<group>"; };
		D7FDDCF31E32741A001ABD41 /* Base */ = {isa = PBXFileReference; lastKnownFileType = file.storyboard; name = Base; path = Base.lproj/Main.storyboard; sourceTree = "<group>"; };
		D7FDDCF51E32741A001ABD41 /* Assets.xcassets */ = {isa = PBXFileReference; lastKnownFileType = folder.assetcatalog; path = Assets.xcassets; sourceTree = "<group>"; };
		D7FDDCF81E32741A001ABD41 /* Base */ = {isa = PBXFileReference; lastKnownFileType = file.storyboard; name = Base; path = Base.lproj/LaunchScreen.storyboard; sourceTree = "<group>"; };
		D7FDDCFA1E32741A001ABD41 /* Info.plist */ = {isa = PBXFileReference; lastKnownFileType = text.plist.xml; path = Info.plist; sourceTree = "<group>"; };
		D7FDDD011E329A34001ABD41 /* MediaPlayer.framework */ = {isa = PBXFileReference; lastKnownFileType = wrapper.framework; name = MediaPlayer.framework; path = System/Library/Frameworks/MediaPlayer.framework; sourceTree = SDKROOT; };
		D7FDDD041E32B550001ABD41 /* WebsocketsBridge.h */ = {isa = PBXFileReference; fileEncoding = 4; lastKnownFileType = sourcecode.c.h; path = WebsocketsBridge.h; sourceTree = "<group>"; };
		D7FDDD061E32B550001ABD41 /* SocketIO.h */ = {isa = PBXFileReference; fileEncoding = 4; lastKnownFileType = sourcecode.c.h; path = SocketIO.h; sourceTree = "<group>"; };
		D7FDDD071E32B550001ABD41 /* SocketIO.m */ = {isa = PBXFileReference; fileEncoding = 4; lastKnownFileType = sourcecode.c.objc; path = SocketIO.m; sourceTree = "<group>"; };
		D7FDDD081E32B550001ABD41 /* SocketIOJSONSerialization.h */ = {isa = PBXFileReference; fileEncoding = 4; lastKnownFileType = sourcecode.c.h; path = SocketIOJSONSerialization.h; sourceTree = "<group>"; };
		D7FDDD091E32B550001ABD41 /* SocketIOJSONSerialization.m */ = {isa = PBXFileReference; fileEncoding = 4; lastKnownFileType = sourcecode.c.objc; path = SocketIOJSONSerialization.m; sourceTree = "<group>"; };
		D7FDDD0A1E32B550001ABD41 /* SocketIOPacket.h */ = {isa = PBXFileReference; fileEncoding = 4; lastKnownFileType = sourcecode.c.h; path = SocketIOPacket.h; sourceTree = "<group>"; };
		D7FDDD0B1E32B550001ABD41 /* SocketIOPacket.m */ = {isa = PBXFileReference; fileEncoding = 4; lastKnownFileType = sourcecode.c.objc; path = SocketIOPacket.m; sourceTree = "<group>"; };
		D7FDDD0C1E32B550001ABD41 /* SocketIOTransport.h */ = {isa = PBXFileReference; fileEncoding = 4; lastKnownFileType = sourcecode.c.h; path = SocketIOTransport.h; sourceTree = "<group>"; };
		D7FDDD0D1E32B550001ABD41 /* SocketIOTransportWebsocket.h */ = {isa = PBXFileReference; fileEncoding = 4; lastKnownFileType = sourcecode.c.h; path = SocketIOTransportWebsocket.h; sourceTree = "<group>"; };
		D7FDDD0E1E32B550001ABD41 /* SocketIOTransportWebsocket.m */ = {isa = PBXFileReference; fileEncoding = 4; lastKnownFileType = sourcecode.c.objc; path = SocketIOTransportWebsocket.m; sourceTree = "<group>"; };
		D7FDDD0F1E32B550001ABD41 /* SocketIOTransportXHR.h */ = {isa = PBXFileReference; fileEncoding = 4; lastKnownFileType = sourcecode.c.h; path = SocketIOTransportXHR.h; sourceTree = "<group>"; };
		D7FDDD101E32B550001ABD41 /* SocketIOTransportXHR.m */ = {isa = PBXFileReference; fileEncoding = 4; lastKnownFileType = sourcecode.c.objc; path = SocketIOTransportXHR.m; sourceTree = "<group>"; };
		D7FDDD121E32B550001ABD41 /* base64.c */ = {isa = PBXFileReference; fileEncoding = 4; lastKnownFileType = sourcecode.c.c; path = base64.c; sourceTree = "<group>"; };
		D7FDDD131E32B550001ABD41 /* base64.h */ = {isa = PBXFileReference; fileEncoding = 4; lastKnownFileType = sourcecode.c.h; path = base64.h; sourceTree = "<group>"; };
		D7FDDD141E32B550001ABD41 /* NSData+SRB64Additions.h */ = {isa = PBXFileReference; fileEncoding = 4; lastKnownFileType = sourcecode.c.h; path = "NSData+SRB64Additions.h"; sourceTree = "<group>"; };
		D7FDDD151E32B550001ABD41 /* NSData+SRB64Additions.m */ = {isa = PBXFileReference; fileEncoding = 4; lastKnownFileType = sourcecode.c.objc; path = "NSData+SRB64Additions.m"; sourceTree = "<group>"; };
		D7FDDD161E32B550001ABD41 /* SocketRocket-Prefix.pch */ = {isa = PBXFileReference; fileEncoding = 4; lastKnownFileType = sourcecode.c.h; path = "SocketRocket-Prefix.pch"; sourceTree = "<group>"; };
		D7FDDD171E32B550001ABD41 /* SRWebSocket.h */ = {isa = PBXFileReference; fileEncoding = 4; lastKnownFileType = sourcecode.c.h; path = SRWebSocket.h; sourceTree = "<group>"; };
		D7FDDD181E32B550001ABD41 /* SRWebSocket.m */ = {isa = PBXFileReference; fileEncoding = 4; lastKnownFileType = sourcecode.c.objc; path = SRWebSocket.m; sourceTree = "<group>"; };
/* End PBXFileReference section */

/* Begin PBXFrameworksBuildPhase section */
		D7FDDCE81E32741A001ABD41 /* Frameworks */ = {
			isa = PBXFrameworksBuildPhase;
			buildActionMask = 2147483647;
			files = (
				D7CA654E1E32B758008E2005 /* libicucore.tbd in Frameworks */,
				D7CA654C1E32B74F008E2005 /* Security.framework in Frameworks */,
				D7CA654A1E32B74A008E2005 /* CFNetwork.framework in Frameworks */,
				D7CA65481E32B745008E2005 /* CoreGraphics.framework in Frameworks */,
				D7CA65461E32B73E008E2005 /* Foundation.framework in Frameworks */,
				D7CA65441E32B734008E2005 /* MobileCoreServices.framework in Frameworks */,
				D7CA65421E32B72E008E2005 /* SystemConfiguration.framework in Frameworks */,
				D7CA65401E32B725008E2005 /* UIKit.framework in Frameworks */,
				D7FDDD021E329A34001ABD41 /* MediaPlayer.framework in Frameworks */,
			);
			runOnlyForDeploymentPostprocessing = 0;
		};
/* End PBXFrameworksBuildPhase section */

/* Begin PBXGroup section */
		D7FDDCE21E32741A001ABD41 = {
			isa = PBXGroup;
			children = (
				D7FDDD031E32B550001ABD41 /* Bridge */,
				D7FDDD051E32B550001ABD41 /* Socketio */,
				D7FDDD111E32B550001ABD41 /* SocketRocket */,
				D7FDDCED1E32741A001ABD41 /* socketio_client */,
				D7FDDCEC1E32741A001ABD41 /* Products */,
				D7FDDD001E329A34001ABD41 /* Frameworks */,
			);
			sourceTree = "<group>";
		};
		D7FDDCEC1E32741A001ABD41 /* Products */ = {
			isa = PBXGroup;
			children = (
				D7FDDCEB1E32741A001ABD41 /* socketio_client.app */,
			);
			name = Products;
			sourceTree = "<group>";
		};
		D7FDDCED1E32741A001ABD41 /* socketio_client */ = {
			isa = PBXGroup;
			children = (
				D7FDDCEE1E32741A001ABD41 /* AppDelegate.swift */,
				D7FDDCF01E32741A001ABD41 /* ViewController.swift */,
				D7CA654F1E32B7AC008E2005 /* AsyncSocket.swift */,
				D7FDDCF21E32741A001ABD41 /* Main.storyboard */,
				D7FDDCF51E32741A001ABD41 /* Assets.xcassets */,
				D7FDDCF71E32741A001ABD41 /* LaunchScreen.storyboard */,
				D7FDDCFA1E32741A001ABD41 /* Info.plist */,
			);
			path = socketio_client;
			sourceTree = "<group>";
		};
		D7FDDD001E329A34001ABD41 /* Frameworks */ = {
			isa = PBXGroup;
			children = (
				D7CA654D1E32B758008E2005 /* libicucore.tbd */,
				D7CA654B1E32B74F008E2005 /* Security.framework */,
				D7CA65491E32B74A008E2005 /* CFNetwork.framework */,
				D7CA65471E32B745008E2005 /* CoreGraphics.framework */,
				D7CA65451E32B73E008E2005 /* Foundation.framework */,
				D7CA65431E32B734008E2005 /* MobileCoreServices.framework */,
				D7CA65411E32B72E008E2005 /* SystemConfiguration.framework */,
				D7CA653F1E32B725008E2005 /* UIKit.framework */,
				D7FDDD011E329A34001ABD41 /* MediaPlayer.framework */,
			);
			name = Frameworks;
			sourceTree = "<group>";
		};
		D7FDDD031E32B550001ABD41 /* Bridge */ = {
			isa = PBXGroup;
			children = (
				D7FDDD041E32B550001ABD41 /* WebsocketsBridge.h */,
			);
			path = Bridge;
			sourceTree = "<group>";
		};
		D7FDDD051E32B550001ABD41 /* Socketio */ = {
			isa = PBXGroup;
			children = (
				D7FDDD061E32B550001ABD41 /* SocketIO.h */,
				D7FDDD071E32B550001ABD41 /* SocketIO.m */,
				D7FDDD081E32B550001ABD41 /* SocketIOJSONSerialization.h */,
				D7FDDD091E32B550001ABD41 /* SocketIOJSONSerialization.m */,
				D7FDDD0A1E32B550001ABD41 /* SocketIOPacket.h */,
				D7FDDD0B1E32B550001ABD41 /* SocketIOPacket.m */,
				D7FDDD0C1E32B550001ABD41 /* SocketIOTransport.h */,
				D7FDDD0D1E32B550001ABD41 /* SocketIOTransportWebsocket.h */,
				D7FDDD0E1E32B550001ABD41 /* SocketIOTransportWebsocket.m */,
				D7FDDD0F1E32B550001ABD41 /* SocketIOTransportXHR.h */,
				D7FDDD101E32B550001ABD41 /* SocketIOTransportXHR.m */,
			);
			path = Socketio;
			sourceTree = "<group>";
		};
		D7FDDD111E32B550001ABD41 /* SocketRocket */ = {
			isa = PBXGroup;
			children = (
				D7FDDD121E32B550001ABD41 /* base64.c */,
				D7FDDD131E32B550001ABD41 /* base64.h */,
				D7FDDD141E32B550001ABD41 /* NSData+SRB64Additions.h */,
				D7FDDD151E32B550001ABD41 /* NSData+SRB64Additions.m */,
				D7FDDD161E32B550001ABD41 /* SocketRocket-Prefix.pch */,
				D7FDDD171E32B550001ABD41 /* SRWebSocket.h */,
				D7FDDD181E32B550001ABD41 /* SRWebSocket.m */,
			);
			path = SocketRocket;
			sourceTree = "<group>";
		};
/* End PBXGroup section */

/* Begin PBXNativeTarget section */
		D7FDDCEA1E32741A001ABD41 /* socketio_client */ = {
			isa = PBXNativeTarget;
			buildConfigurationList = D7FDDCFD1E32741A001ABD41 /* Build configuration list for PBXNativeTarget "socketio_client" */;
			buildPhases = (
				D7FDDCE71E32741A001ABD41 /* Sources */,
				D7FDDCE81E32741A001ABD41 /* Frameworks */,
				D7FDDCE91E32741A001ABD41 /* Resources */,
			);
			buildRules = (
			);
			dependencies = (
			);
			name = socketio_client;
			productName = socketio_client;
			productReference = D7FDDCEB1E32741A001ABD41 /* socketio_client.app */;
			productType = "com.apple.product-type.application";
		};
/* End PBXNativeTarget section */

/* Begin PBXProject section */
		D7FDDCE31E32741A001ABD41 /* Project object */ = {
			isa = PBXProject;
			attributes = {
				LastSwiftUpdateCheck = 0820;
				LastUpgradeCheck = 0820;
				ORGANIZATIONNAME = "Skander Jabouzi";
				TargetAttributes = {
					D7FDDCEA1E32741A001ABD41 = {
						CreatedOnToolsVersion = 8.2.1;
						DevelopmentTeam = 449ZVE3U99;
						ProvisioningStyle = Automatic;
					};
				};
			};
			buildConfigurationList = D7FDDCE61E32741A001ABD41 /* Build configuration list for PBXProject "socketio_client" */;
			compatibilityVersion = "Xcode 3.2";
			developmentRegion = English;
			hasScannedForEncodings = 0;
			knownRegions = (
				en,
				Base,
			);
			mainGroup = D7FDDCE21E32741A001ABD41;
			productRefGroup = D7FDDCEC1E32741A001ABD41 /* Products */;
			projectDirPath = "";
			projectRoot = "";
			targets = (
				D7FDDCEA1E32741A001ABD41 /* socketio_client */,
			);
		};
/* End PBXProject section */

/* Begin PBXResourcesBuildPhase section */
		D7FDDCE91E32741A001ABD41 /* Resources */ = {
			isa = PBXResourcesBuildPhase;
			buildActionMask = 2147483647;
			files = (
				D7FDDCF91E32741A001ABD41 /* LaunchScreen.storyboard in Resources */,
				D7FDDCF61E32741A001ABD41 /* Assets.xcassets in Resources */,
				D7FDDCF41E32741A001ABD41 /* Main.storyboard in Resources */,
			);
			runOnlyForDeploymentPostprocessing = 0;
		};
/* End PBXResourcesBuildPhase section */

/* Begin PBXSourcesBuildPhase section */
		D7FDDCE71E32741A001ABD41 /* Sources */ = {
			isa = PBXSourcesBuildPhase;
			buildActionMask = 2147483647;
			files = (
				D7FDDD191E32B550001ABD41 /* SocketIO.m in Sources */,
				D7FDDCF11E32741A001ABD41 /* ViewController.swift in Sources */,
				D7FDDD201E32B550001ABD41 /* SRWebSocket.m in Sources */,
				D7FDDD1D1E32B550001ABD41 /* SocketIOTransportXHR.m in Sources */,
				D7FDDD1F1E32B550001ABD41 /* NSData+SRB64Additions.m in Sources */,
				D7FDDD1B1E32B550001ABD41 /* SocketIOPacket.m in Sources */,
				D7FDDCEF1E32741A001ABD41 /* AppDelegate.swift in Sources */,
				D7FDDD1C1E32B550001ABD41 /* SocketIOTransportWebsocket.m in Sources */,
				D7FDDD1E1E32B550001ABD41 /* base64.c in Sources */,
				D7FDDD1A1E32B550001ABD41 /* SocketIOJSONSerialization.m in Sources */,
				D7CA65501E32B7AC008E2005 /* AsyncSocket.swift in Sources */,
			);
			runOnlyForDeploymentPostprocessing = 0;
		};
/* End PBXSourcesBuildPhase section */

/* Begin PBXVariantGroup section */
		D7FDDCF21E32741A001ABD41 /* Main.storyboard */ = {
			isa = PBXVariantGroup;
			children = (
				D7FDDCF31E32741A001ABD41 /* Base */,
			);
			name = Main.storyboard;
			sourceTree = "<group>";
		};
		D7FDDCF71E32741A001ABD41 /* LaunchScreen.storyboard */ = {
			isa = PBXVariantGroup;
			children = (
				D7FDDCF81E32741A001ABD41 /* Base */,
			);
			name = LaunchScreen.storyboard;
			sourceTree = "<group>";
		};
/* End PBXVariantGroup section */

/* Begin XCBuildConfiguration section */
		D7FDDCFB1E32741A001ABD41 /* Debug */ = {
			isa = XCBuildConfiguration;
			buildSettings = {
				ALWAYS_SEARCH_USER_PATHS = NO;
				CLANG_ANALYZER_NONNULL = YES;
				CLANG_CXX_LANGUAGE_STANDARD = "gnu++0x";
				CLANG_CXX_LIBRARY = "libc++";
				CLANG_ENABLE_MODULES = YES;
				CLANG_ENABLE_OBJC_ARC = YES;
				CLANG_WARN_BOOL_CONVERSION = YES;
				CLANG_WARN_CONSTANT_CONVERSION = YES;
				CLANG_WARN_DIRECT_OBJC_ISA_USAGE = YES_ERROR;
				CLANG_WARN_DOCUMENTATION_COMMENTS = YES;
				CLANG_WARN_EMPTY_BODY = YES;
				CLANG_WARN_ENUM_CONVERSION = YES;
				CLANG_WARN_INFINITE_RECURSION = YES;
				CLANG_WARN_INT_CONVERSION = YES;
				CLANG_WARN_OBJC_ROOT_CLASS = YES_ERROR;
				CLANG_WARN_SUSPICIOUS_MOVE = YES;
				CLANG_WARN_UNREACHABLE_CODE = YES;
				CLANG_WARN__DUPLICATE_METHOD_MATCH = YES;
				"CODE_SIGN_IDENTITY[sdk=iphoneos*]" = "iPhone Developer";
				COPY_PHASE_STRIP = NO;
				DEBUG_INFORMATION_FORMAT = dwarf;
				ENABLE_STRICT_OBJC_MSGSEND = YES;
				ENABLE_TESTABILITY = YES;
				GCC_C_LANGUAGE_STANDARD = gnu99;
				GCC_DYNAMIC_NO_PIC = NO;
				GCC_NO_COMMON_BLOCKS = YES;
				GCC_OPTIMIZATION_LEVEL = 0;
				GCC_PREPROCESSOR_DEFINITIONS = (
					"DEBUG=1",
					"$(inherited)",
				);
				GCC_WARN_64_TO_32_BIT_CONVERSION = YES;
				GCC_WARN_ABOUT_RETURN_TYPE = YES_ERROR;
				GCC_WARN_UNDECLARED_SELECTOR = YES;
				GCC_WARN_UNINITIALIZED_AUTOS = YES_AGGRESSIVE;
				GCC_WARN_UNUSED_FUNCTION = YES;
				GCC_WARN_UNUSED_VARIABLE = YES;
				IPHONEOS_DEPLOYMENT_TARGET = 10.2;
				MTL_ENABLE_DEBUG_INFO = YES;
				ONLY_ACTIVE_ARCH = YES;
				SDKROOT = iphoneos;
				SWIFT_ACTIVE_COMPILATION_CONDITIONS = DEBUG;
				SWIFT_OPTIMIZATION_LEVEL = "-Onone";
				TARGETED_DEVICE_FAMILY = "1,2";
			};
			name = Debug;
		};
		D7FDDCFC1E32741A001ABD41 /* Release */ = {
			isa = XCBuildConfiguration;
			buildSettings = {
				ALWAYS_SEARCH_USER_PATHS = NO;
				CLANG_ANALYZER_NONNULL = YES;
				CLANG_CXX_LANGUAGE_STANDARD = "gnu++0x";
				CLANG_CXX_LIBRARY = "libc++";
				CLANG_ENABLE_MODULES = YES;
				CLANG_ENABLE_OBJC_ARC = YES;
				CLANG_WARN_BOOL_CONVERSION = YES;
				CLANG_WARN_CONSTANT_CONVERSION = YES;
				CLANG_WARN_DIRECT_OBJC_ISA_USAGE = YES_ERROR;
				CLANG_WARN_DOCUMENTATION_COMMENTS = YES;
				CLANG_WARN_EMPTY_BODY = YES;
				CLANG_WARN_ENUM_CONVERSION = YES;
				CLANG_WARN_INFINITE_RECURSION = YES;
				CLANG_WARN_INT_CONVERSION = YES;
				CLANG_WARN_OBJC_ROOT_CLASS = YES_ERROR;
				CLANG_WARN_SUSPICIOUS_MOVE = YES;
				CLANG_WARN_UNREACHABLE_CODE = YES;
				CLANG_WARN__DUPLICATE_METHOD_MATCH = YES;
				"CODE_SIGN_IDENTITY[sdk=iphoneos*]" = "iPhone Developer";
				COPY_PHASE_STRIP = NO;
				DEBUG_INFORMATION_FORMAT = "dwarf-with-dsym";
				ENABLE_NS_ASSERTIONS = NO;
				ENABLE_STRICT_OBJC_MSGSEND = YES;
				GCC_C_LANGUAGE_STANDARD = gnu99;
				GCC_NO_COMMON_BLOCKS = YES;
				GCC_WARN_64_TO_32_BIT_CONVERSION = YES;
				GCC_WARN_ABOUT_RETURN_TYPE = YES_ERROR;
				GCC_WARN_UNDECLARED_SELECTOR = YES;
				GCC_WARN_UNINITIALIZED_AUTOS = YES_AGGRESSIVE;
				GCC_WARN_UNUSED_FUNCTION = YES;
				GCC_WARN_UNUSED_VARIABLE = YES;
				IPHONEOS_DEPLOYMENT_TARGET = 10.2;
				MTL_ENABLE_DEBUG_INFO = NO;
				SDKROOT = iphoneos;
				SWIFT_OPTIMIZATION_LEVEL = "-Owholemodule";
				TARGETED_DEVICE_FAMILY = "1,2";
				VALIDATE_PRODUCT = YES;
			};
			name = Release;
		};
		D7FDDCFE1E32741A001ABD41 /* Debug */ = {
			isa = XCBuildConfiguration;
			buildSettings = {
				ASSETCATALOG_COMPILER_APPICON_NAME = AppIcon;
				DEVELOPMENT_TEAM = 449ZVE3U99;
				INFOPLIST_FILE = socketio_client/Info.plist;
				IPHONEOS_DEPLOYMENT_TARGET = 9.0;
				LD_RUNPATH_SEARCH_PATHS = "$(inherited) @executable_path/Frameworks";
				PRODUCT_BUNDLE_IDENTIFIER = "com.skanderjabouzi.socketio-client";
				PRODUCT_NAME = "$(TARGET_NAME)";
				SWIFT_OBJC_BRIDGING_HEADER = $PROJECT_DIR/Bridge/WebsocketsBridge.h;
				SWIFT_VERSION = 3.0;
			};
			name = Debug;
		};
		D7FDDCFF1E32741A001ABD41 /* Release */ = {
			isa = XCBuildConfiguration;
			buildSettings = {
				ASSETCATALOG_COMPILER_APPICON_NAME = AppIcon;
				DEVELOPMENT_TEAM = 449ZVE3U99;
				INFOPLIST_FILE = socketio_client/Info.plist;
				IPHONEOS_DEPLOYMENT_TARGET = 9.0;
				LD_RUNPATH_SEARCH_PATHS = "$(inherited) @executable_path/Frameworks";
				PRODUCT_BUNDLE_IDENTIFIER = "com.skanderjabouzi.socketio-client";
				PRODUCT_NAME = "$(TARGET_NAME)";
				SWIFT_OBJC_BRIDGING_HEADER = $PROJECT_DIR/Bridge/WebsocketsBridge.h;
				SWIFT_VERSION = 3.0;
			};
			name = Release;
		};
/* End XCBuildConfiguration section */

/* Begin XCConfigurationList section */
		D7FDDCE61E32741A001ABD41 /* Build configuration list for PBXProject "socketio_client" */ = {
			isa = XCConfigurationList;
			buildConfigurations = (
				D7FDDCFB1E32741A001ABD41 /* Debug */,
				D7FDDCFC1E32741A001ABD41 /* Release */,
			);
			defaultConfigurationIsVisible = 0;
			defaultConfigurationName = Release;
		};
		D7FDDCFD1E32741A001ABD41 /* Build configuration list for PBXNativeTarget "socketio_client" */ = {
			isa = XCConfigurationList;
			buildConfigurations = (
				D7FDDCFE1E32741A001ABD41 /* Debug */,
				D7FDDCFF1E32741A001ABD41 /* Release */,
			);
			defaultConfigurationIsVisible = 0;
			defaultConfigurationName = Release;
		};
/* End XCConfigurationList section */
	};
	rootObject = D7FDDCE31E32741A001ABD41 /* Project object */;
}
